// !$*UTF8*$!
{
	archiveVersion = 1;
	classes = {
	};
	objectVersion = 46;
	objects = {

/* Begin PBXBuildFile section */
		C11C94241AEDFAA50066B0A4 /* AppDelegate.swift in Sources */ = {isa = PBXBuildFile; fileRef = C11C94231AEDFAA50066B0A4 /* AppDelegate.swift */; };
		C11C94261AEDFAA50066B0A4 /* ViewController.swift in Sources */ = {isa = PBXBuildFile; fileRef = C11C94251AEDFAA50066B0A4 /* ViewController.swift */; };
		C11C94291AEDFAA50066B0A4 /* Main.storyboard in Resources */ = {isa = PBXBuildFile; fileRef = C11C94271AEDFAA50066B0A4 /* Main.storyboard */; };
		C11C942B1AEDFAA50066B0A4 /* Images.xcassets in Resources */ = {isa = PBXBuildFile; fileRef = C11C942A1AEDFAA50066B0A4 /* Images.xcassets */; };
		C11C942E1AEDFAA50066B0A4 /* LaunchScreen.xib in Resources */ = {isa = PBXBuildFile; fileRef = C11C942C1AEDFAA50066B0A4 /* LaunchScreen.xib */; };
		C11C943A1AEDFAA50066B0A4 /* ConsultaTests.swift in Sources */ = {isa = PBXBuildFile; fileRef = C11C94391AEDFAA50066B0A4 /* ConsultaTests.swift */; };
		C11C94551AEDFED60066B0A4 /* MenuTableViewController.swift in Sources */ = {isa = PBXBuildFile; fileRef = C11C94441AEDFED60066B0A4 /* MenuTableViewController.swift */; };
		C11C94561AEDFED60066B0A4 /* NavigationViewController.swift in Sources */ = {isa = PBXBuildFile; fileRef = C11C94451AEDFED60066B0A4 /* NavigationViewController.swift */; };
		C11C94571AEDFED60066B0A4 /* RECommonFunctions.m in Sources */ = {isa = PBXBuildFile; fileRef = C11C94481AEDFED60066B0A4 /* RECommonFunctions.m */; };
		C11C94581AEDFED60066B0A4 /* REFrostedContainerViewController.m in Sources */ = {isa = PBXBuildFile; fileRef = C11C944A1AEDFED60066B0A4 /* REFrostedContainerViewController.m */; };
		C11C94591AEDFED60066B0A4 /* REFrostedViewController.m in Sources */ = {isa = PBXBuildFile; fileRef = C11C944C1AEDFED60066B0A4 /* REFrostedViewController.m */; };
		C11C945A1AEDFED60066B0A4 /* UIImage+REFrostedViewController.m in Sources */ = {isa = PBXBuildFile; fileRef = C11C944E1AEDFED60066B0A4 /* UIImage+REFrostedViewController.m */; };
		C11C945B1AEDFED60066B0A4 /* UIView+REFrostedViewController.m in Sources */ = {isa = PBXBuildFile; fileRef = C11C94501AEDFED60066B0A4 /* UIView+REFrostedViewController.m */; };
		C11C945C1AEDFED60066B0A4 /* UIViewController+REFrostedViewController.m in Sources */ = {isa = PBXBuildFile; fileRef = C11C94521AEDFED60066B0A4 /* UIViewController+REFrostedViewController.m */; };
		C11C945D1AEDFED60066B0A4 /* RootCell.swift in Sources */ = {isa = PBXBuildFile; fileRef = C11C94531AEDFED60066B0A4 /* RootCell.swift */; };
		C11C945E1AEDFED60066B0A4 /* RootViewController.swift in Sources */ = {isa = PBXBuildFile; fileRef = C11C94541AEDFED60066B0A4 /* RootViewController.swift */; };
		C11C94691AEDFF0F0066B0A4 /* LoginViewController.swift in Sources */ = {isa = PBXBuildFile; fileRef = C11C94631AEDFF0F0066B0A4 /* LoginViewController.swift */; };
		C11C946A1AEDFF0F0066B0A4 /* MultipleArchivosViewController.swift in Sources */ = {isa = PBXBuildFile; fileRef = C11C94641AEDFF0F0066B0A4 /* MultipleArchivosViewController.swift */; };
		C11C946B1AEDFF0F0066B0A4 /* OrdenViewController.swift in Sources */ = {isa = PBXBuildFile; fileRef = C11C94651AEDFF0F0066B0A4 /* OrdenViewController.swift */; };
		C11C946C1AEDFF0F0066B0A4 /* unLabelCell.swift in Sources */ = {isa = PBXBuildFile; fileRef = C11C94661AEDFF0F0066B0A4 /* unLabelCell.swift */; };
		C11C946D1AEDFF0F0066B0A4 /* WebViewController.swift in Sources */ = {isa = PBXBuildFile; fileRef = C11C94671AEDFF0F0066B0A4 /* WebViewController.swift */; };
		C11C94711AEE05350066B0A4 /* Fetcher.swift in Sources */ = {isa = PBXBuildFile; fileRef = C11C94701AEE05350066B0A4 /* Fetcher.swift */; };
		C11C94791AEE07D30066B0A4 /* callService.swift in Sources */ = {isa = PBXBuildFile; fileRef = C11C94721AEE07D30066B0A4 /* callService.swift */; };
		C11C947A1AEE07D30066B0A4 /* Colors.swift in Sources */ = {isa = PBXBuildFile; fileRef = C11C94731AEE07D30066B0A4 /* Colors.swift */; };
		C11C947B1AEE07D30066B0A4 /* CustomAlertViewController.m in Sources */ = {isa = PBXBuildFile; fileRef = C11C94761AEE07D30066B0A4 /* CustomAlertViewController.m */; };
		C11C947C1AEE07D30066B0A4 /* CustomAlertViewController.xib in Resources */ = {isa = PBXBuildFile; fileRef = C11C94771AEE07D30066B0A4 /* CustomAlertViewController.xib */; };
		C11C947D1AEE07D30066B0A4 /* Reachability.swift in Sources */ = {isa = PBXBuildFile; fileRef = C11C94781AEE07D30066B0A4 /* Reachability.swift */; };
		C11C94801AEE116F0066B0A4 /* Web2ViewController.swift in Sources */ = {isa = PBXBuildFile; fileRef = C11C947F1AEE116F0066B0A4 /* Web2ViewController.swift */; };
		C11C94991AEE247F0066B0A4 /* CalendarioViewController.swift in Sources */ = {isa = PBXBuildFile; fileRef = C11C94821AEE247F0066B0A4 /* CalendarioViewController.swift */; };
		C11C949A1AEE247F0066B0A4 /* JTCalendar.m in Sources */ = {isa = PBXBuildFile; fileRef = C11C94851AEE247F0066B0A4 /* JTCalendar.m */; };
		C11C949B1AEE247F0066B0A4 /* JTCalendarAppearance.m in Sources */ = {isa = PBXBuildFile; fileRef = C11C94871AEE247F0066B0A4 /* JTCalendarAppearance.m */; };
		C11C949C1AEE247F0066B0A4 /* JTCalendarContentView.m in Sources */ = {isa = PBXBuildFile; fileRef = C11C94891AEE247F0066B0A4 /* JTCalendarContentView.m */; };
		C11C949D1AEE247F0066B0A4 /* JTCalendarDayView.m in Sources */ = {isa = PBXBuildFile; fileRef = C11C948B1AEE247F0066B0A4 /* JTCalendarDayView.m */; };
		C11C949E1AEE247F0066B0A4 /* JTCalendarMenuMonthView.m in Sources */ = {isa = PBXBuildFile; fileRef = C11C948D1AEE247F0066B0A4 /* JTCalendarMenuMonthView.m */; };
		C11C949F1AEE247F0066B0A4 /* JTCalendarMenuView.m in Sources */ = {isa = PBXBuildFile; fileRef = C11C948F1AEE247F0066B0A4 /* JTCalendarMenuView.m */; };
		C11C94A01AEE247F0066B0A4 /* JTCalendarMonthView.m in Sources */ = {isa = PBXBuildFile; fileRef = C11C94911AEE247F0066B0A4 /* JTCalendarMonthView.m */; };
		C11C94A11AEE247F0066B0A4 /* JTCalendarMonthWeekDaysView.m in Sources */ = {isa = PBXBuildFile; fileRef = C11C94931AEE247F0066B0A4 /* JTCalendarMonthWeekDaysView.m */; };
		C11C94A21AEE247F0066B0A4 /* JTCalendarWeekView.m in Sources */ = {isa = PBXBuildFile; fileRef = C11C94961AEE247F0066B0A4 /* JTCalendarWeekView.m */; };
		C11C94A31AEE247F0066B0A4 /* JTCircleView.m in Sources */ = {isa = PBXBuildFile; fileRef = C11C94981AEE247F0066B0A4 /* JTCircleView.m */; };
/* End PBXBuildFile section */

/* Begin PBXContainerItemProxy section */
		C11C94341AEDFAA50066B0A4 /* PBXContainerItemProxy */ = {
			isa = PBXContainerItemProxy;
			containerPortal = C11C94161AEDFAA50066B0A4 /* Project object */;
			proxyType = 1;
			remoteGlobalIDString = C11C941D1AEDFAA50066B0A4;
			remoteInfo = Consulta;
		};
/* End PBXContainerItemProxy section */

/* Begin PBXFileReference section */
		C11C941E1AEDFAA50066B0A4 /* Consulta.app */ = {isa = PBXFileReference; explicitFileType = wrapper.application; includeInIndex = 0; path = Consulta.app; sourceTree = BUILT_PRODUCTS_DIR; };
		C11C94221AEDFAA50066B0A4 /* Info.plist */ = {isa = PBXFileReference; lastKnownFileType = text.plist.xml; path = Info.plist; sourceTree = "<group>"; };
		C11C94231AEDFAA50066B0A4 /* AppDelegate.swift */ = {isa = PBXFileReference; lastKnownFileType = sourcecode.swift; path = AppDelegate.swift; sourceTree = "<group>"; };
		C11C94251AEDFAA50066B0A4 /* ViewController.swift */ = {isa = PBXFileReference; lastKnownFileType = sourcecode.swift; path = ViewController.swift; sourceTree = "<group>"; };
		C11C94281AEDFAA50066B0A4 /* Base */ = {isa = PBXFileReference; lastKnownFileType = file.storyboard; name = Base; path = Base.lproj/Main.storyboard; sourceTree = "<group>"; };
		C11C942A1AEDFAA50066B0A4 /* Images.xcassets */ = {isa = PBXFileReference; lastKnownFileType = folder.assetcatalog; path = Images.xcassets; sourceTree = "<group>"; };
		C11C942D1AEDFAA50066B0A4 /* Base */ = {isa = PBXFileReference; lastKnownFileType = file.xib; name = Base; path = Base.lproj/LaunchScreen.xib; sourceTree = "<group>"; };
		C11C94331AEDFAA50066B0A4 /* ConsultaTests.xctest */ = {isa = PBXFileReference; explicitFileType = wrapper.cfbundle; includeInIndex = 0; path = ConsultaTests.xctest; sourceTree = BUILT_PRODUCTS_DIR; };
		C11C94381AEDFAA50066B0A4 /* Info.plist */ = {isa = PBXFileReference; lastKnownFileType = text.plist.xml; path = Info.plist; sourceTree = "<group>"; };
		C11C94391AEDFAA50066B0A4 /* ConsultaTests.swift */ = {isa = PBXFileReference; lastKnownFileType = sourcecode.swift; path = ConsultaTests.swift; sourceTree = "<group>"; };
		C11C94441AEDFED60066B0A4 /* MenuTableViewController.swift */ = {isa = PBXFileReference; fileEncoding = 4; lastKnownFileType = sourcecode.swift; path = MenuTableViewController.swift; sourceTree = "<group>"; };
		C11C94451AEDFED60066B0A4 /* NavigationViewController.swift */ = {isa = PBXFileReference; fileEncoding = 4; lastKnownFileType = sourcecode.swift; path = NavigationViewController.swift; sourceTree = "<group>"; };
		C11C94471AEDFED60066B0A4 /* RECommonFunctions.h */ = {isa = PBXFileReference; fileEncoding = 4; lastKnownFileType = sourcecode.c.h; path = RECommonFunctions.h; sourceTree = "<group>"; };
		C11C94481AEDFED60066B0A4 /* RECommonFunctions.m */ = {isa = PBXFileReference; fileEncoding = 4; lastKnownFileType = sourcecode.c.objc; path = RECommonFunctions.m; sourceTree = "<group>"; };
		C11C94491AEDFED60066B0A4 /* REFrostedContainerViewController.h */ = {isa = PBXFileReference; fileEncoding = 4; lastKnownFileType = sourcecode.c.h; path = REFrostedContainerViewController.h; sourceTree = "<group>"; };
		C11C944A1AEDFED60066B0A4 /* REFrostedContainerViewController.m */ = {isa = PBXFileReference; fileEncoding = 4; lastKnownFileType = sourcecode.c.objc; path = REFrostedContainerViewController.m; sourceTree = "<group>"; };
		C11C944B1AEDFED60066B0A4 /* REFrostedViewController.h */ = {isa = PBXFileReference; fileEncoding = 4; lastKnownFileType = sourcecode.c.h; path = REFrostedViewController.h; sourceTree = "<group>"; };
		C11C944C1AEDFED60066B0A4 /* REFrostedViewController.m */ = {isa = PBXFileReference; fileEncoding = 4; lastKnownFileType = sourcecode.c.objc; path = REFrostedViewController.m; sourceTree = "<group>"; };
		C11C944D1AEDFED60066B0A4 /* UIImage+REFrostedViewController.h */ = {isa = PBXFileReference; fileEncoding = 4; lastKnownFileType = sourcecode.c.h; path = "UIImage+REFrostedViewController.h"; sourceTree = "<group>"; };
		C11C944E1AEDFED60066B0A4 /* UIImage+REFrostedViewController.m */ = {isa = PBXFileReference; fileEncoding = 4; lastKnownFileType = sourcecode.c.objc; path = "UIImage+REFrostedViewController.m"; sourceTree = "<group>"; };
		C11C944F1AEDFED60066B0A4 /* UIView+REFrostedViewController.h */ = {isa = PBXFileReference; fileEncoding = 4; lastKnownFileType = sourcecode.c.h; path = "UIView+REFrostedViewController.h"; sourceTree = "<group>"; };
		C11C94501AEDFED60066B0A4 /* UIView+REFrostedViewController.m */ = {isa = PBXFileReference; fileEncoding = 4; lastKnownFileType = sourcecode.c.objc; path = "UIView+REFrostedViewController.m"; sourceTree = "<group>"; };
		C11C94511AEDFED60066B0A4 /* UIViewController+REFrostedViewController.h */ = {isa = PBXFileReference; fileEncoding = 4; lastKnownFileType = sourcecode.c.h; path = "UIViewController+REFrostedViewController.h"; sourceTree = "<group>"; };
		C11C94521AEDFED60066B0A4 /* UIViewController+REFrostedViewController.m */ = {isa = PBXFileReference; fileEncoding = 4; lastKnownFileType = sourcecode.c.objc; path = "UIViewController+REFrostedViewController.m"; sourceTree = "<group>"; };
		C11C94531AEDFED60066B0A4 /* RootCell.swift */ = {isa = PBXFileReference; fileEncoding = 4; lastKnownFileType = sourcecode.swift; path = RootCell.swift; sourceTree = "<group>"; };
		C11C94541AEDFED60066B0A4 /* RootViewController.swift */ = {isa = PBXFileReference; fileEncoding = 4; lastKnownFileType = sourcecode.swift; path = RootViewController.swift; sourceTree = "<group>"; };
		C11C94631AEDFF0F0066B0A4 /* LoginViewController.swift */ = {isa = PBXFileReference; fileEncoding = 4; lastKnownFileType = sourcecode.swift; path = LoginViewController.swift; sourceTree = "<group>"; };
		C11C94641AEDFF0F0066B0A4 /* MultipleArchivosViewController.swift */ = {isa = PBXFileReference; fileEncoding = 4; lastKnownFileType = sourcecode.swift; path = MultipleArchivosViewController.swift; sourceTree = "<group>"; };
		C11C94651AEDFF0F0066B0A4 /* OrdenViewController.swift */ = {isa = PBXFileReference; fileEncoding = 4; lastKnownFileType = sourcecode.swift; path = OrdenViewController.swift; sourceTree = "<group>"; };
		C11C94661AEDFF0F0066B0A4 /* unLabelCell.swift */ = {isa = PBXFileReference; fileEncoding = 4; lastKnownFileType = sourcecode.swift; path = unLabelCell.swift; sourceTree = "<group>"; };
		C11C94671AEDFF0F0066B0A4 /* WebViewController.swift */ = {isa = PBXFileReference; fileEncoding = 4; lastKnownFileType = sourcecode.swift; path = WebViewController.swift; sourceTree = "<group>"; };
		C11C94701AEE05350066B0A4 /* Fetcher.swift */ = {isa = PBXFileReference; fileEncoding = 4; lastKnownFileType = sourcecode.swift; path = Fetcher.swift; sourceTree = "<group>"; };
		C11C94721AEE07D30066B0A4 /* callService.swift */ = {isa = PBXFileReference; fileEncoding = 4; lastKnownFileType = sourcecode.swift; path = callService.swift; sourceTree = "<group>"; };
		C11C94731AEE07D30066B0A4 /* Colors.swift */ = {isa = PBXFileReference; fileEncoding = 4; lastKnownFileType = sourcecode.swift; path = Colors.swift; sourceTree = "<group>"; };
		C11C94751AEE07D30066B0A4 /* CustomAlertViewController.h */ = {isa = PBXFileReference; fileEncoding = 4; lastKnownFileType = sourcecode.c.h; path = CustomAlertViewController.h; sourceTree = "<group>"; };
		C11C94761AEE07D30066B0A4 /* CustomAlertViewController.m */ = {isa = PBXFileReference; fileEncoding = 4; lastKnownFileType = sourcecode.c.objc; path = CustomAlertViewController.m; sourceTree = "<group>"; };
		C11C94771AEE07D30066B0A4 /* CustomAlertViewController.xib */ = {isa = PBXFileReference; fileEncoding = 4; lastKnownFileType = file.xib; path = CustomAlertViewController.xib; sourceTree = "<group>"; };
		C11C94781AEE07D30066B0A4 /* Reachability.swift */ = {isa = PBXFileReference; fileEncoding = 4; lastKnownFileType = sourcecode.swift; path = Reachability.swift; sourceTree = "<group>"; };
		C11C947E1AEE0A4C0066B0A4 /* Bridging-Header.h */ = {isa = PBXFileReference; fileEncoding = 4; lastKnownFileType = sourcecode.c.h; path = "Bridging-Header.h"; sourceTree = "<group>"; };
		C11C947F1AEE116F0066B0A4 /* Web2ViewController.swift */ = {isa = PBXFileReference; fileEncoding = 4; lastKnownFileType = sourcecode.swift; path = Web2ViewController.swift; sourceTree = "<group>"; };
		C11C94821AEE247F0066B0A4 /* CalendarioViewController.swift */ = {isa = PBXFileReference; fileEncoding = 4; lastKnownFileType = sourcecode.swift; path = CalendarioViewController.swift; sourceTree = "<group>"; };
		C11C94841AEE247F0066B0A4 /* JTCalendar.h */ = {isa = PBXFileReference; fileEncoding = 4; lastKnownFileType = sourcecode.c.h; path = JTCalendar.h; sourceTree = "<group>"; };
		C11C94851AEE247F0066B0A4 /* JTCalendar.m */ = {isa = PBXFileReference; fileEncoding = 4; lastKnownFileType = sourcecode.c.objc; path = JTCalendar.m; sourceTree = "<group>"; };
		C11C94861AEE247F0066B0A4 /* JTCalendarAppearance.h */ = {isa = PBXFileReference; fileEncoding = 4; lastKnownFileType = sourcecode.c.h; path = JTCalendarAppearance.h; sourceTree = "<group>"; };
		C11C94871AEE247F0066B0A4 /* JTCalendarAppearance.m */ = {isa = PBXFileReference; fileEncoding = 4; lastKnownFileType = sourcecode.c.objc; path = JTCalendarAppearance.m; sourceTree = "<group>"; };
		C11C94881AEE247F0066B0A4 /* JTCalendarContentView.h */ = {isa = PBXFileReference; fileEncoding = 4; lastKnownFileType = sourcecode.c.h; path = JTCalendarContentView.h; sourceTree = "<group>"; };
		C11C94891AEE247F0066B0A4 /* JTCalendarContentView.m */ = {isa = PBXFileReference; fileEncoding = 4; lastKnownFileType = sourcecode.c.objc; path = JTCalendarContentView.m; sourceTree = "<group>"; };
		C11C948A1AEE247F0066B0A4 /* JTCalendarDayView.h */ = {isa = PBXFileReference; fileEncoding = 4; lastKnownFileType = sourcecode.c.h; path = JTCalendarDayView.h; sourceTree = "<group>"; };
		C11C948B1AEE247F0066B0A4 /* JTCalendarDayView.m */ = {isa = PBXFileReference; fileEncoding = 4; lastKnownFileType = sourcecode.c.objc; path = JTCalendarDayView.m; sourceTree = "<group>"; };
		C11C948C1AEE247F0066B0A4 /* JTCalendarMenuMonthView.h */ = {isa = PBXFileReference; fileEncoding = 4; lastKnownFileType = sourcecode.c.h; path = JTCalendarMenuMonthView.h; sourceTree = "<group>"; };
		C11C948D1AEE247F0066B0A4 /* JTCalendarMenuMonthView.m */ = {isa = PBXFileReference; fileEncoding = 4; lastKnownFileType = sourcecode.c.objc; path = JTCalendarMenuMonthView.m; sourceTree = "<group>"; };
		C11C948E1AEE247F0066B0A4 /* JTCalendarMenuView.h */ = {isa = PBXFileReference; fileEncoding = 4; lastKnownFileType = sourcecode.c.h; path = JTCalendarMenuView.h; sourceTree = "<group>"; };
		C11C948F1AEE247F0066B0A4 /* JTCalendarMenuView.m */ = {isa = PBXFileReference; fileEncoding = 4; lastKnownFileType = sourcecode.c.objc; path = JTCalendarMenuView.m; sourceTree = "<group>"; };
		C11C94901AEE247F0066B0A4 /* JTCalendarMonthView.h */ = {isa = PBXFileReference; fileEncoding = 4; lastKnownFileType = sourcecode.c.h; path = JTCalendarMonthView.h; sourceTree = "<group>"; };
		C11C94911AEE247F0066B0A4 /* JTCalendarMonthView.m */ = {isa = PBXFileReference; fileEncoding = 4; lastKnownFileType = sourcecode.c.objc; path = JTCalendarMonthView.m; sourceTree = "<group>"; };
		C11C94921AEE247F0066B0A4 /* JTCalendarMonthWeekDaysView.h */ = {isa = PBXFileReference; fileEncoding = 4; lastKnownFileType = sourcecode.c.h; path = JTCalendarMonthWeekDaysView.h; sourceTree = "<group>"; };
		C11C94931AEE247F0066B0A4 /* JTCalendarMonthWeekDaysView.m */ = {isa = PBXFileReference; fileEncoding = 4; lastKnownFileType = sourcecode.c.objc; path = JTCalendarMonthWeekDaysView.m; sourceTree = "<group>"; };
		C11C94941AEE247F0066B0A4 /* JTCalendarViewDataSource.h */ = {isa = PBXFileReference; fileEncoding = 4; lastKnownFileType = sourcecode.c.h; path = JTCalendarViewDataSource.h; sourceTree = "<group>"; };
		C11C94951AEE247F0066B0A4 /* JTCalendarWeekView.h */ = {isa = PBXFileReference; fileEncoding = 4; lastKnownFileType = sourcecode.c.h; path = JTCalendarWeekView.h; sourceTree = "<group>"; };
		C11C94961AEE247F0066B0A4 /* JTCalendarWeekView.m */ = {isa = PBXFileReference; fileEncoding = 4; lastKnownFileType = sourcecode.c.objc; path = JTCalendarWeekView.m; sourceTree = "<group>"; };
		C11C94971AEE247F0066B0A4 /* JTCircleView.h */ = {isa = PBXFileReference; fileEncoding = 4; lastKnownFileType = sourcecode.c.h; path = JTCircleView.h; sourceTree = "<group>"; };
		C11C94981AEE247F0066B0A4 /* JTCircleView.m */ = {isa = PBXFileReference; fileEncoding = 4; lastKnownFileType = sourcecode.c.objc; path = JTCircleView.m; sourceTree = "<group>"; };
/* End PBXFileReference section */

/* Begin PBXFrameworksBuildPhase section */
		C11C941B1AEDFAA50066B0A4 /* Frameworks */ = {
			isa = PBXFrameworksBuildPhase;
			buildActionMask = 2147483647;
			files = (
			);
			runOnlyForDeploymentPostprocessing = 0;
		};
		C11C94301AEDFAA50066B0A4 /* Frameworks */ = {
			isa = PBXFrameworksBuildPhase;
			buildActionMask = 2147483647;
			files = (
			);
			runOnlyForDeploymentPostprocessing = 0;
		};
/* End PBXFrameworksBuildPhase section */

/* Begin PBXGroup section */
		C11C94151AEDFAA50066B0A4 = {
			isa = PBXGroup;
			children = (
				C11C94201AEDFAA50066B0A4 /* Consulta */,
				C11C94361AEDFAA50066B0A4 /* ConsultaTests */,
				C11C941F1AEDFAA50066B0A4 /* Products */,
			);
			sourceTree = "<group>";
		};
		C11C941F1AEDFAA50066B0A4 /* Products */ = {
			isa = PBXGroup;
			children = (
				C11C941E1AEDFAA50066B0A4 /* Consulta.app */,
				C11C94331AEDFAA50066B0A4 /* ConsultaTests.xctest */,
			);
			name = Products;
			sourceTree = "<group>";
		};
		C11C94201AEDFAA50066B0A4 /* Consulta */ = {
			isa = PBXGroup;
			children = (
				C11C94811AEE247F0066B0A4 /* Calendario */,
				C11C947F1AEE116F0066B0A4 /* Web2ViewController.swift */,
				C11C946F1AEE04F10066B0A4 /* Api */,
				C11C945F1AEDFF0F0066B0A4 /* Time Line */,
				C11C94431AEDFED60066B0A4 /* Menu */,
				C11C94231AEDFAA50066B0A4 /* AppDelegate.swift */,
				C11C94251AEDFAA50066B0A4 /* ViewController.swift */,
				C11C94271AEDFAA50066B0A4 /* Main.storyboard */,
				C11C942A1AEDFAA50066B0A4 /* Images.xcassets */,
				C11C942C1AEDFAA50066B0A4 /* LaunchScreen.xib */,
				C11C94211AEDFAA50066B0A4 /* Supporting Files */,
			);
			path = Consulta;
			sourceTree = "<group>";
		};
		C11C94211AEDFAA50066B0A4 /* Supporting Files */ = {
			isa = PBXGroup;
			children = (
				C11C947E1AEE0A4C0066B0A4 /* Bridging-Header.h */,
				C11C94221AEDFAA50066B0A4 /* Info.plist */,
			);
			name = "Supporting Files";
			sourceTree = "<group>";
		};
		C11C94361AEDFAA50066B0A4 /* ConsultaTests */ = {
			isa = PBXGroup;
			children = (
				C11C94391AEDFAA50066B0A4 /* ConsultaTests.swift */,
				C11C94371AEDFAA50066B0A4 /* Supporting Files */,
			);
			path = ConsultaTests;
			sourceTree = "<group>";
		};
		C11C94371AEDFAA50066B0A4 /* Supporting Files */ = {
			isa = PBXGroup;
			children = (
				C11C94381AEDFAA50066B0A4 /* Info.plist */,
			);
			name = "Supporting Files";
			sourceTree = "<group>";
		};
		C11C94431AEDFED60066B0A4 /* Menu */ = {
			isa = PBXGroup;
			children = (
				C11C94441AEDFED60066B0A4 /* MenuTableViewController.swift */,
				C11C94451AEDFED60066B0A4 /* NavigationViewController.swift */,
				C11C94461AEDFED60066B0A4 /* REFrostedViewController */,
				C11C94531AEDFED60066B0A4 /* RootCell.swift */,
				C11C94541AEDFED60066B0A4 /* RootViewController.swift */,
			);
			path = Menu;
			sourceTree = "<group>";
		};
		C11C94461AEDFED60066B0A4 /* REFrostedViewController */ = {
			isa = PBXGroup;
			children = (
				C11C94471AEDFED60066B0A4 /* RECommonFunctions.h */,
				C11C94481AEDFED60066B0A4 /* RECommonFunctions.m */,
				C11C94491AEDFED60066B0A4 /* REFrostedContainerViewController.h */,
				C11C944A1AEDFED60066B0A4 /* REFrostedContainerViewController.m */,
				C11C944B1AEDFED60066B0A4 /* REFrostedViewController.h */,
				C11C944C1AEDFED60066B0A4 /* REFrostedViewController.m */,
				C11C944D1AEDFED60066B0A4 /* UIImage+REFrostedViewController.h */,
				C11C944E1AEDFED60066B0A4 /* UIImage+REFrostedViewController.m */,
				C11C944F1AEDFED60066B0A4 /* UIView+REFrostedViewController.h */,
				C11C94501AEDFED60066B0A4 /* UIView+REFrostedViewController.m */,
				C11C94511AEDFED60066B0A4 /* UIViewController+REFrostedViewController.h */,
				C11C94521AEDFED60066B0A4 /* UIViewController+REFrostedViewController.m */,
			);
			path = REFrostedViewController;
			sourceTree = "<group>";
		};
		C11C945F1AEDFF0F0066B0A4 /* Time Line */ = {
			isa = PBXGroup;
			children = (
				C11C94631AEDFF0F0066B0A4 /* LoginViewController.swift */,
				C11C94641AEDFF0F0066B0A4 /* MultipleArchivosViewController.swift */,
				C11C94651AEDFF0F0066B0A4 /* OrdenViewController.swift */,
				C11C94661AEDFF0F0066B0A4 /* unLabelCell.swift */,
				C11C94671AEDFF0F0066B0A4 /* WebViewController.swift */,
			);
			path = "Time Line";
			sourceTree = "<group>";
		};
		C11C946F1AEE04F10066B0A4 /* Api */ = {
			isa = PBXGroup;
			children = (
				C11C94741AEE07D30066B0A4 /* Custom Alert  */,
				C11C94721AEE07D30066B0A4 /* callService.swift */,
				C11C94731AEE07D30066B0A4 /* Colors.swift */,
				C11C94781AEE07D30066B0A4 /* Reachability.swift */,
				C11C94701AEE05350066B0A4 /* Fetcher.swift */,
			);
			path = Api;
			sourceTree = "<group>";
		};
		C11C94741AEE07D30066B0A4 /* Custom Alert  */ = {
			isa = PBXGroup;
			children = (
				C11C94751AEE07D30066B0A4 /* CustomAlertViewController.h */,
				C11C94761AEE07D30066B0A4 /* CustomAlertViewController.m */,
				C11C94771AEE07D30066B0A4 /* CustomAlertViewController.xib */,
			);
			path = "Custom Alert ";
			sourceTree = "<group>";
		};
		C11C94811AEE247F0066B0A4 /* Calendario */ = {
			isa = PBXGroup;
			children = (
				C11C94821AEE247F0066B0A4 /* CalendarioViewController.swift */,
				C11C94831AEE247F0066B0A4 /* JTCalendar */,
			);
			path = Calendario;
			sourceTree = "<group>";
		};
		C11C94831AEE247F0066B0A4 /* JTCalendar */ = {
			isa = PBXGroup;
			children = (
				C11C94841AEE247F0066B0A4 /* JTCalendar.h */,
				C11C94851AEE247F0066B0A4 /* JTCalendar.m */,
				C11C94861AEE247F0066B0A4 /* JTCalendarAppearance.h */,
				C11C94871AEE247F0066B0A4 /* JTCalendarAppearance.m */,
				C11C94881AEE247F0066B0A4 /* JTCalendarContentView.h */,
				C11C94891AEE247F0066B0A4 /* JTCalendarContentView.m */,
				C11C948A1AEE247F0066B0A4 /* JTCalendarDayView.h */,
				C11C948B1AEE247F0066B0A4 /* JTCalendarDayView.m */,
				C11C948C1AEE247F0066B0A4 /* JTCalendarMenuMonthView.h */,
				C11C948D1AEE247F0066B0A4 /* JTCalendarMenuMonthView.m */,
				C11C948E1AEE247F0066B0A4 /* JTCalendarMenuView.h */,
				C11C948F1AEE247F0066B0A4 /* JTCalendarMenuView.m */,
				C11C94901AEE247F0066B0A4 /* JTCalendarMonthView.h */,
				C11C94911AEE247F0066B0A4 /* JTCalendarMonthView.m */,
				C11C94921AEE247F0066B0A4 /* JTCalendarMonthWeekDaysView.h */,
				C11C94931AEE247F0066B0A4 /* JTCalendarMonthWeekDaysView.m */,
				C11C94941AEE247F0066B0A4 /* JTCalendarViewDataSource.h */,
				C11C94951AEE247F0066B0A4 /* JTCalendarWeekView.h */,
				C11C94961AEE247F0066B0A4 /* JTCalendarWeekView.m */,
				C11C94971AEE247F0066B0A4 /* JTCircleView.h */,
				C11C94981AEE247F0066B0A4 /* JTCircleView.m */,
			);
			path = JTCalendar;
			sourceTree = "<group>";
		};
/* End PBXGroup section */

/* Begin PBXNativeTarget section */
		C11C941D1AEDFAA50066B0A4 /* Consulta */ = {
			isa = PBXNativeTarget;
			buildConfigurationList = C11C943D1AEDFAA50066B0A4 /* Build configuration list for PBXNativeTarget "Consulta" */;
			buildPhases = (
				C11C941A1AEDFAA50066B0A4 /* Sources */,
				C11C941B1AEDFAA50066B0A4 /* Frameworks */,
				C11C941C1AEDFAA50066B0A4 /* Resources */,
			);
			buildRules = (
			);
			dependencies = (
			);
			name = Consulta;
			productName = Consulta;
			productReference = C11C941E1AEDFAA50066B0A4 /* Consulta.app */;
			productType = "com.apple.product-type.application";
		};
		C11C94321AEDFAA50066B0A4 /* ConsultaTests */ = {
			isa = PBXNativeTarget;
			buildConfigurationList = C11C94401AEDFAA50066B0A4 /* Build configuration list for PBXNativeTarget "ConsultaTests" */;
			buildPhases = (
				C11C942F1AEDFAA50066B0A4 /* Sources */,
				C11C94301AEDFAA50066B0A4 /* Frameworks */,
				C11C94311AEDFAA50066B0A4 /* Resources */,
			);
			buildRules = (
			);
			dependencies = (
				C11C94351AEDFAA50066B0A4 /* PBXTargetDependency */,
			);
			name = ConsultaTests;
			productName = ConsultaTests;
			productReference = C11C94331AEDFAA50066B0A4 /* ConsultaTests.xctest */;
			productType = "com.apple.product-type.bundle.unit-test";
		};
/* End PBXNativeTarget section */

/* Begin PBXProject section */
		C11C94161AEDFAA50066B0A4 /* Project object */ = {
			isa = PBXProject;
			attributes = {
				LastSwiftUpdateCheck = 0700;
				LastUpgradeCheck = 0630;
				ORGANIZATIONNAME = "Armando Trujillo zazueta";
				TargetAttributes = {
					C11C941D1AEDFAA50066B0A4 = {
						CreatedOnToolsVersion = 6.3;
						DevelopmentTeam = MNL2L6R2JX;
					};
					C11C94321AEDFAA50066B0A4 = {
						CreatedOnToolsVersion = 6.3;
						TestTargetID = C11C941D1AEDFAA50066B0A4;
					};
				};
			};
			buildConfigurationList = C11C94191AEDFAA50066B0A4 /* Build configuration list for PBXProject "Consulta" */;
			compatibilityVersion = "Xcode 3.2";
			developmentRegion = English;
			hasScannedForEncodings = 0;
			knownRegions = (
				en,
				Base,
			);
			mainGroup = C11C94151AEDFAA50066B0A4;
			productRefGroup = C11C941F1AEDFAA50066B0A4 /* Products */;
			projectDirPath = "";
			projectRoot = "";
			targets = (
				C11C941D1AEDFAA50066B0A4 /* Consulta */,
				C11C94321AEDFAA50066B0A4 /* ConsultaTests */,
			);
		};
/* End PBXProject section */

/* Begin PBXResourcesBuildPhase section */
		C11C941C1AEDFAA50066B0A4 /* Resources */ = {
			isa = PBXResourcesBuildPhase;
			buildActionMask = 2147483647;
			files = (
				C11C947C1AEE07D30066B0A4 /* CustomAlertViewController.xib in Resources */,
				C11C94291AEDFAA50066B0A4 /* Main.storyboard in Resources */,
				C11C942E1AEDFAA50066B0A4 /* LaunchScreen.xib in Resources */,
				C11C942B1AEDFAA50066B0A4 /* Images.xcassets in Resources */,
			);
			runOnlyForDeploymentPostprocessing = 0;
		};
		C11C94311AEDFAA50066B0A4 /* Resources */ = {
			isa = PBXResourcesBuildPhase;
			buildActionMask = 2147483647;
			files = (
			);
			runOnlyForDeploymentPostprocessing = 0;
		};
/* End PBXResourcesBuildPhase section */

/* Begin PBXSourcesBuildPhase section */
		C11C941A1AEDFAA50066B0A4 /* Sources */ = {
			isa = PBXSourcesBuildPhase;
			buildActionMask = 2147483647;
			files = (
				C11C946A1AEDFF0F0066B0A4 /* MultipleArchivosViewController.swift in Sources */,
				C11C946D1AEDFF0F0066B0A4 /* WebViewController.swift in Sources */,
				C11C94691AEDFF0F0066B0A4 /* LoginViewController.swift in Sources */,
				C11C949C1AEE247F0066B0A4 /* JTCalendarContentView.m in Sources */,
				C11C945C1AEDFED60066B0A4 /* UIViewController+REFrostedViewController.m in Sources */,
				C11C94561AEDFED60066B0A4 /* NavigationViewController.swift in Sources */,
				C11C945E1AEDFED60066B0A4 /* RootViewController.swift in Sources */,
				C11C94A21AEE247F0066B0A4 /* JTCalendarWeekView.m in Sources */,
				C11C94A01AEE247F0066B0A4 /* JTCalendarMonthView.m in Sources */,
				C11C949D1AEE247F0066B0A4 /* JTCalendarDayView.m in Sources */,
				C11C947B1AEE07D30066B0A4 /* CustomAlertViewController.m in Sources */,
				C11C94581AEDFED60066B0A4 /* REFrostedContainerViewController.m in Sources */,
				C11C94711AEE05350066B0A4 /* Fetcher.swift in Sources */,
				C11C949B1AEE247F0066B0A4 /* JTCalendarAppearance.m in Sources */,
				C11C94801AEE116F0066B0A4 /* Web2ViewController.swift in Sources */,
				C11C94A11AEE247F0066B0A4 /* JTCalendarMonthWeekDaysView.m in Sources */,
				C11C94991AEE247F0066B0A4 /* CalendarioViewController.swift in Sources */,
				C11C945D1AEDFED60066B0A4 /* RootCell.swift in Sources */,
				C11C947A1AEE07D30066B0A4 /* Colors.swift in Sources */,
				C11C94571AEDFED60066B0A4 /* RECommonFunctions.m in Sources */,
				C11C94261AEDFAA50066B0A4 /* ViewController.swift in Sources */,
				C11C949A1AEE247F0066B0A4 /* JTCalendar.m in Sources */,
				C11C94241AEDFAA50066B0A4 /* AppDelegate.swift in Sources */,
				C11C947D1AEE07D30066B0A4 /* Reachability.swift in Sources */,
				C11C946B1AEDFF0F0066B0A4 /* OrdenViewController.swift in Sources */,
				C11C949E1AEE247F0066B0A4 /* JTCalendarMenuMonthView.m in Sources */,
				C11C94551AEDFED60066B0A4 /* MenuTableViewController.swift in Sources */,
				C11C94591AEDFED60066B0A4 /* REFrostedViewController.m in Sources */,
				C11C949F1AEE247F0066B0A4 /* JTCalendarMenuView.m in Sources */,
				C11C946C1AEDFF0F0066B0A4 /* unLabelCell.swift in Sources */,
				C11C94791AEE07D30066B0A4 /* callService.swift in Sources */,
				C11C945A1AEDFED60066B0A4 /* UIImage+REFrostedViewController.m in Sources */,
				C11C94A31AEE247F0066B0A4 /* JTCircleView.m in Sources */,
				C11C945B1AEDFED60066B0A4 /* UIView+REFrostedViewController.m in Sources */,
			);
			runOnlyForDeploymentPostprocessing = 0;
		};
		C11C942F1AEDFAA50066B0A4 /* Sources */ = {
			isa = PBXSourcesBuildPhase;
			buildActionMask = 2147483647;
			files = (
				C11C943A1AEDFAA50066B0A4 /* ConsultaTests.swift in Sources */,
			);
			runOnlyForDeploymentPostprocessing = 0;
		};
/* End PBXSourcesBuildPhase section */

/* Begin PBXTargetDependency section */
		C11C94351AEDFAA50066B0A4 /* PBXTargetDependency */ = {
			isa = PBXTargetDependency;
			target = C11C941D1AEDFAA50066B0A4 /* Consulta */;
			targetProxy = C11C94341AEDFAA50066B0A4 /* PBXContainerItemProxy */;
		};
/* End PBXTargetDependency section */

/* Begin PBXVariantGroup section */
		C11C94271AEDFAA50066B0A4 /* Main.storyboard */ = {
			isa = PBXVariantGroup;
			children = (
				C11C94281AEDFAA50066B0A4 /* Base */,
			);
			name = Main.storyboard;
			sourceTree = "<group>";
		};
		C11C942C1AEDFAA50066B0A4 /* LaunchScreen.xib */ = {
			isa = PBXVariantGroup;
			children = (
				C11C942D1AEDFAA50066B0A4 /* Base */,
			);
			name = LaunchScreen.xib;
			sourceTree = "<group>";
		};
/* End PBXVariantGroup section */

/* Begin XCBuildConfiguration section */
		C11C943B1AEDFAA50066B0A4 /* Debug */ = {
			isa = XCBuildConfiguration;
			buildSettings = {
				ALWAYS_SEARCH_USER_PATHS = NO;
				CLANG_CXX_LANGUAGE_STANDARD = "gnu++0x";
				CLANG_CXX_LIBRARY = "libc++";
				CLANG_ENABLE_MODULES = YES;
				CLANG_ENABLE_OBJC_ARC = YES;
				CLANG_WARN_BOOL_CONVERSION = YES;
				CLANG_WARN_CONSTANT_CONVERSION = YES;
				CLANG_WARN_DIRECT_OBJC_ISA_USAGE = YES_ERROR;
				CLANG_WARN_EMPTY_BODY = YES;
				CLANG_WARN_ENUM_CONVERSION = YES;
				CLANG_WARN_INT_CONVERSION = YES;
				CLANG_WARN_OBJC_ROOT_CLASS = YES_ERROR;
				CLANG_WARN_UNREACHABLE_CODE = YES;
				CLANG_WARN__DUPLICATE_METHOD_MATCH = YES;
				"CODE_SIGN_IDENTITY[sdk=iphoneos*]" = "iPhone Developer";
				COPY_PHASE_STRIP = NO;
				DEBUG_INFORMATION_FORMAT = "dwarf-with-dsym";
				ENABLE_STRICT_OBJC_MSGSEND = YES;
				GCC_C_LANGUAGE_STANDARD = gnu99;
				GCC_DYNAMIC_NO_PIC = NO;
				GCC_NO_COMMON_BLOCKS = YES;
				GCC_OPTIMIZATION_LEVEL = 0;
				GCC_PREPROCESSOR_DEFINITIONS = (
					"DEBUG=1",
					"$(inherited)",
				);
				GCC_SYMBOLS_PRIVATE_EXTERN = NO;
				GCC_WARN_64_TO_32_BIT_CONVERSION = YES;
				GCC_WARN_ABOUT_RETURN_TYPE = YES_ERROR;
				GCC_WARN_UNDECLARED_SELECTOR = YES;
				GCC_WARN_UNINITIALIZED_AUTOS = YES_AGGRESSIVE;
				GCC_WARN_UNUSED_FUNCTION = YES;
				GCC_WARN_UNUSED_VARIABLE = YES;
				IPHONEOS_DEPLOYMENT_TARGET = 8.3;
				MTL_ENABLE_DEBUG_INFO = YES;
				ONLY_ACTIVE_ARCH = YES;
				SDKROOT = iphoneos;
				SWIFT_OPTIMIZATION_LEVEL = "-Onone";
				TARGETED_DEVICE_FAMILY = 2;
			};
			name = Debug;
		};
		C11C943C1AEDFAA50066B0A4 /* Release */ = {
			isa = XCBuildConfiguration;
			buildSettings = {
				ALWAYS_SEARCH_USER_PATHS = NO;
				CLANG_CXX_LANGUAGE_STANDARD = "gnu++0x";
				CLANG_CXX_LIBRARY = "libc++";
				CLANG_ENABLE_MODULES = YES;
				CLANG_ENABLE_OBJC_ARC = YES;
				CLANG_WARN_BOOL_CONVERSION = YES;
				CLANG_WARN_CONSTANT_CONVERSION = YES;
				CLANG_WARN_DIRECT_OBJC_ISA_USAGE = YES_ERROR;
				CLANG_WARN_EMPTY_BODY = YES;
				CLANG_WARN_ENUM_CONVERSION = YES;
				CLANG_WARN_INT_CONVERSION = YES;
				CLANG_WARN_OBJC_ROOT_CLASS = YES_ERROR;
				CLANG_WARN_UNREACHABLE_CODE = YES;
				CLANG_WARN__DUPLICATE_METHOD_MATCH = YES;
				"CODE_SIGN_IDENTITY[sdk=iphoneos*]" = "iPhone Developer";
				COPY_PHASE_STRIP = NO;
				DEBUG_INFORMATION_FORMAT = "dwarf-with-dsym";
				ENABLE_NS_ASSERTIONS = NO;
				ENABLE_STRICT_OBJC_MSGSEND = YES;
				GCC_C_LANGUAGE_STANDARD = gnu99;
				GCC_NO_COMMON_BLOCKS = YES;
				GCC_WARN_64_TO_32_BIT_CONVERSION = YES;
				GCC_WARN_ABOUT_RETURN_TYPE = YES_ERROR;
				GCC_WARN_UNDECLARED_SELECTOR = YES;
				GCC_WARN_UNINITIALIZED_AUTOS = YES_AGGRESSIVE;
				GCC_WARN_UNUSED_FUNCTION = YES;
				GCC_WARN_UNUSED_VARIABLE = YES;
				IPHONEOS_DEPLOYMENT_TARGET = 8.3;
				MTL_ENABLE_DEBUG_INFO = NO;
				SDKROOT = iphoneos;
				TARGETED_DEVICE_FAMILY = 2;
				VALIDATE_PRODUCT = YES;
			};
			name = Release;
		};
		C11C943E1AEDFAA50066B0A4 /* Debug */ = {
			isa = XCBuildConfiguration;
			buildSettings = {
				ASSETCATALOG_COMPILER_APPICON_NAME = AppIcon;
				CODE_SIGN_IDENTITY = "iPhone Developer";
				INFOPLIST_FILE = Consulta/Info.plist;
				IPHONEOS_DEPLOYMENT_TARGET = 8.0;
				LD_RUNPATH_SEARCH_PATHS = "$(inherited) @executable_path/Frameworks";
				PRODUCT_NAME = "$(TARGET_NAME)";
				SWIFT_OBJC_BRIDGING_HEADER = "$(TARGET_NAME)/Bridging-Header.h";
			};
			name = Debug;
		};
		C11C943F1AEDFAA50066B0A4 /* Release */ = {
			isa = XCBuildConfiguration;
			buildSettings = {
				ASSETCATALOG_COMPILER_APPICON_NAME = AppIcon;
				CODE_SIGN_IDENTITY = "iPhone Developer";
				INFOPLIST_FILE = Consulta/Info.plist;
				IPHONEOS_DEPLOYMENT_TARGET = 8.0;
				LD_RUNPATH_SEARCH_PATHS = "$(inherited) @executable_path/Frameworks";
				PRODUCT_NAME = "$(TARGET_NAME)";
				SWIFT_OBJC_BRIDGING_HEADER = "$(TARGET_NAME)/Bridging-Header.h";
			};
			name = Release;
		};
		C11C94411AEDFAA50066B0A4 /* Debug */ = {
			isa = XCBuildConfiguration;
			buildSettings = {
				BUNDLE_LOADER = "$(TEST_HOST)";
				FRAMEWORK_SEARCH_PATHS = (
					"$(SDKROOT)/Developer/Library/Frameworks",
					"$(inherited)",
				);
				GCC_PREPROCESSOR_DEFINITIONS = (
					"DEBUG=1",
					"$(inherited)",
				);
				INFOPLIST_FILE = ConsultaTests/Info.plist;
				LD_RUNPATH_SEARCH_PATHS = "$(inherited) @executable_path/Frameworks @loader_path/Frameworks";
				PRODUCT_NAME = "$(TARGET_NAME)";
				TEST_HOST = "$(BUILT_PRODUCTS_DIR)/Consulta.app/Consulta";
			};
			name = Debug;
		};
		C11C94421AEDFAA50066B0A4 /* Release */ = {
			isa = XCBuildConfiguration;
			buildSettings = {
				BUNDLE_LOADER = "$(TEST_HOST)";
				FRAMEWORK_SEARCH_PATHS = (
					"$(SDKROOT)/Developer/Library/Frameworks",
					"$(inherited)",
				);
				INFOPLIST_FILE = ConsultaTests/Info.plist;
				LD_RUNPATH_SEARCH_PATHS = "$(inherited) @executable_path/Frameworks @loader_path/Frameworks";
				PRODUCT_NAME = "$(TARGET_NAME)";
				TEST_HOST = "$(BUILT_PRODUCTS_DIR)/Consulta.app/Consulta";
			};
			name = Release;
		};
/* End XCBuildConfiguration section */

/* Begin XCConfigurationList section */
		C11C94191AEDFAA50066B0A4 /* Build configuration list for PBXProject "Consulta" */ = {
			isa = XCConfigurationList;
			buildConfigurations = (
				C11C943B1AEDFAA50066B0A4 /* Debug */,
				C11C943C1AEDFAA50066B0A4 /* Release */,
			);
			defaultConfigurationIsVisible = 0;
			defaultConfigurationName = Release;
		};
		C11C943D1AEDFAA50066B0A4 /* Build configuration list for PBXNativeTarget "Consulta" */ = {
			isa = XCConfigurationList;
			buildConfigurations = (
				C11C943E1AEDFAA50066B0A4 /* Debug */,
				C11C943F1AEDFAA50066B0A4 /* Release */,
			);
			defaultConfigurationIsVisible = 0;
			defaultConfigurationName = Release;
		};
		C11C94401AEDFAA50066B0A4 /* Build configuration list for PBXNativeTarget "ConsultaTests" */ = {
			isa = XCConfigurationList;
			buildConfigurations = (
				C11C94411AEDFAA50066B0A4 /* Debug */,
				C11C94421AEDFAA50066B0A4 /* Release */,
			);
			defaultConfigurationIsVisible = 0;
			defaultConfigurationName = Release;
		};
/* End XCConfigurationList section */
	};
	rootObject = C11C94161AEDFAA50066B0A4 /* Project object */;
}
